
Microsoft Visual Studio Solution File, Format Version 12.00
# Visual Studio 14
VisualStudioVersion = 14.0.25420.1
MinimumVisualStudioVersion = 10.0.40219.1
Project("{FAE04EC0-301F-11D3-BF4B-00C04F79EFBC}") = "SimpleWebApplication", "SimpleWebApplication\SimpleWebApplication.csproj", "{3BBE7795-C3BC-4B64-94A6-37B96558AEE7}"
EndProject
Project("{FAE04EC0-301F-11D3-BF4B-00C04F79EFBC}") = "Application.BLL", "Application.BLL\Application.BLL.csproj", "{8E92705A-86E4-4A2C-A6ED-E957E29F373A}"
EndProject
Project("{FAE04EC0-301F-11D3-BF4B-00C04F79EFBC}") = "Application.Entities", "Application.Entities\Application.Entities.csproj", "{641ABB27-B3D2-46CC-88BB-04F8DDE3FC19}"
EndProject
Project("{FAE04EC0-301F-11D3-BF4B-00C04F79EFBC}") = "Appliaction.DataAccess", "Appliaction.DataAccess\Appliaction.DataAccess.csproj", "{6716C1AF-F600-4191-A54D-5BB1CA3F0FD5}"
EndProject
Global
	GlobalSection(SolutionConfigurationPlatforms) = preSolution
		Debug|Any CPU = Debug|Any CPU
		Release|Any CPU = Release|Any CPU
	EndGlobalSection
	GlobalSection(ProjectConfigurationPlatforms) = postSolution
		{3BBE7795-C3BC-4B64-94A6-37B96558AEE7}.Debug|Any CPU.ActiveCfg = Debug|Any CPU
		{3BBE7795-C3BC-4B64-94A6-37B96558AEE7}.Debug|Any CPU.Build.0 = Debug|Any CPU
		{3BBE7795-C3BC-4B64-94A6-37B96558AEE7}.Release|Any CPU.ActiveCfg = Release|Any CPU
		{3BBE7795-C3BC-4B64-94A6-37B96558AEE7}.Release|Any CPU.Build.0 = Release|Any CPU
		{8E92705A-86E4-4A2C-A6ED-E957E29F373A}.Debug|Any CPU.ActiveCfg = Debug|Any CPU
		{8E92705A-86E4-4A2C-A6ED-E957E29F373A}.Debug|Any CPU.Build.0 = Debug|Any CPU
		{8E92705A-86E4-4A2C-A6ED-E957E29F373A}.Release|Any CPU.ActiveCfg = Release|Any CPU
		{8E92705A-86E4-4A2C-A6ED-E957E29F373A}.Release|Any CPU.Build.0 = Release|Any CPU
		{641ABB27-B3D2-46CC-88BB-04F8DDE3FC19}.Debug|Any CPU.ActiveCfg = Debug|Any CPU
		{641ABB27-B3D2-46CC-88BB-04F8DDE3FC19}.Debug|Any CPU.Build.0 = Debug|Any CPU
		{641ABB27-B3D2-46CC-88BB-04F8DDE3FC19}.Release|Any CPU.ActiveCfg = Release|Any CPU
		{641ABB27-B3D2-46CC-88BB-04F8DDE3FC19}.Release|Any CPU.Build.0 = Release|Any CPU
		{6716C1AF-F600-4191-A54D-5BB1CA3F0FD5}.Debug|Any CPU.ActiveCfg = Debug|Any CPU
		{6716C1AF-F600-4191-A54D-5BB1CA3F0FD5}.Debug|Any CPU.Build.0 = Debug|Any CPU
		{6716C1AF-F600-4191-A54D-5BB1CA3F0FD5}.Release|Any CPU.ActiveCfg = Release|Any CPU
		{6716C1AF-F600-4191-A54D-5BB1CA3F0FD5}.Release|Any CPU.Build.0 = Release|Any CPU
	EndGlobalSection
	GlobalSection(SolutionProperties) = preSolution
		HideSolutionNode = FALSE
	EndGlobalSection
EndGlobal
